// !$*UTF8*$!
{
	archiveVersion = 1;
	classes = {
	};
	objectVersion = 55;
	objects = {

/* Begin PBXBuildFile section */
		5C05DE6328E076CE0052074F /* ProductItemView.swift in Sources */ = {isa = PBXBuildFile; fileRef = 5C05DE6228E076CE0052074F /* ProductItemView.swift */; };
		5C1B6D5228DEB28400CEBFA7 /* LogoView.swift in Sources */ = {isa = PBXBuildFile; fileRef = 5C1B6D5128DEB28400CEBFA7 /* LogoView.swift */; };
		5C1B6D5428DF2F5500CEBFA7 /* PlayerModel.swift in Sources */ = {isa = PBXBuildFile; fileRef = 5C1B6D5328DF2F5400CEBFA7 /* PlayerModel.swift */; };
		5C1B6D5628DF2F9500CEBFA7 /* CodableBundleExtension.swift in Sources */ = {isa = PBXBuildFile; fileRef = 5C1B6D5528DF2F9500CEBFA7 /* CodableBundleExtension.swift */; };
		5C1B6D5828DF35C100CEBFA7 /* FeaturedItemView.swift in Sources */ = {isa = PBXBuildFile; fileRef = 5C1B6D5728DF35C100CEBFA7 /* FeaturedItemView.swift */; };
		5C1B6D5A28DF368000CEBFA7 /* FeaturedTabView.swift in Sources */ = {isa = PBXBuildFile; fileRef = 5C1B6D5928DF368000CEBFA7 /* FeaturedTabView.swift */; };
		5C1B6D5C28DF4C4300CEBFA7 /* CategoryModel.swift in Sources */ = {isa = PBXBuildFile; fileRef = 5C1B6D5B28DF4C4300CEBFA7 /* CategoryModel.swift */; };
		5C1B6D5F28DF5B5800CEBFA7 /* CategoryItemView.swift in Sources */ = {isa = PBXBuildFile; fileRef = 5C1B6D5E28DF5B5800CEBFA7 /* CategoryItemView.swift */; };
		5C1B6D6128DF615200CEBFA7 /* CategoryGridView.swift in Sources */ = {isa = PBXBuildFile; fileRef = 5C1B6D6028DF615200CEBFA7 /* CategoryGridView.swift */; };
		5C1B6D6328DF639D00CEBFA7 /* SectionView.swift in Sources */ = {isa = PBXBuildFile; fileRef = 5C1B6D6228DF639D00CEBFA7 /* SectionView.swift */; };
		5C1B6D6528DFF9A400CEBFA7 /* TitleView.swift in Sources */ = {isa = PBXBuildFile; fileRef = 5C1B6D6428DFF9A400CEBFA7 /* TitleView.swift */; };
		5C1B6D6728DFFAA900CEBFA7 /* ProductModel.swift in Sources */ = {isa = PBXBuildFile; fileRef = 5C1B6D6628DFFAA900CEBFA7 /* ProductModel.swift */; };
		5C357A2C28DD5002008C312C /* TouchdownApp.swift in Sources */ = {isa = PBXBuildFile; fileRef = 5C357A2B28DD5002008C312C /* TouchdownApp.swift */; };
		5C357A2E28DD5002008C312C /* ContentView.swift in Sources */ = {isa = PBXBuildFile; fileRef = 5C357A2D28DD5002008C312C /* ContentView.swift */; };
		5C357A3028DD5007008C312C /* Assets.xcassets in Resources */ = {isa = PBXBuildFile; fileRef = 5C357A2F28DD5007008C312C /* Assets.xcassets */; };
		5C357A3328DD5007008C312C /* Preview Assets.xcassets in Resources */ = {isa = PBXBuildFile; fileRef = 5C357A3228DD5007008C312C /* Preview Assets.xcassets */; };
		5C4C79DC28DDA57800AFC6DF /* category.json in Resources */ = {isa = PBXBuildFile; fileRef = 5C4C79D828DDA57800AFC6DF /* category.json */; };
		5C4C79DD28DDA57800AFC6DF /* brand.json in Resources */ = {isa = PBXBuildFile; fileRef = 5C4C79D928DDA57800AFC6DF /* brand.json */; };
		5C4C79DE28DDA57800AFC6DF /* player.json in Resources */ = {isa = PBXBuildFile; fileRef = 5C4C79DA28DDA57800AFC6DF /* player.json */; };
		5C4C79DF28DDA57800AFC6DF /* product.json in Resources */ = {isa = PBXBuildFile; fileRef = 5C4C79DB28DDA57800AFC6DF /* product.json */; };
		5C7CF29C28DDF7A5002C2EB6 /* Constant.swift in Sources */ = {isa = PBXBuildFile; fileRef = 5C7CF29B28DDF7A5002C2EB6 /* Constant.swift */; };
		5C7CF29E28DDF8BF002C2EB6 /* FooterView.swift in Sources */ = {isa = PBXBuildFile; fileRef = 5C7CF29D28DDF8BF002C2EB6 /* FooterView.swift */; };
		5CF185A028DE10A8008DCE9D /* NavigationBarView.swift in Sources */ = {isa = PBXBuildFile; fileRef = 5CF1859F28DE10A8008DCE9D /* NavigationBarView.swift */; };
/* End PBXBuildFile section */

/* Begin PBXFileReference section */
		5C05DE6228E076CE0052074F /* ProductItemView.swift */ = {isa = PBXFileReference; lastKnownFileType = sourcecode.swift; path = ProductItemView.swift; sourceTree = "<group>"; };
		5C1B6D5128DEB28400CEBFA7 /* LogoView.swift */ = {isa = PBXFileReference; lastKnownFileType = sourcecode.swift; path = LogoView.swift; sourceTree = "<group>"; };
		5C1B6D5328DF2F5400CEBFA7 /* PlayerModel.swift */ = {isa = PBXFileReference; lastKnownFileType = sourcecode.swift; path = PlayerModel.swift; sourceTree = "<group>"; };
		5C1B6D5528DF2F9500CEBFA7 /* CodableBundleExtension.swift */ = {isa = PBXFileReference; lastKnownFileType = sourcecode.swift; path = CodableBundleExtension.swift; sourceTree = "<group>"; };
		5C1B6D5728DF35C100CEBFA7 /* FeaturedItemView.swift */ = {isa = PBXFileReference; lastKnownFileType = sourcecode.swift; path = FeaturedItemView.swift; sourceTree = "<group>"; };
		5C1B6D5928DF368000CEBFA7 /* FeaturedTabView.swift */ = {isa = PBXFileReference; lastKnownFileType = sourcecode.swift; path = FeaturedTabView.swift; sourceTree = "<group>"; };
		5C1B6D5B28DF4C4300CEBFA7 /* CategoryModel.swift */ = {isa = PBXFileReference; lastKnownFileType = sourcecode.swift; path = CategoryModel.swift; sourceTree = "<group>"; };
		5C1B6D5E28DF5B5800CEBFA7 /* CategoryItemView.swift */ = {isa = PBXFileReference; lastKnownFileType = sourcecode.swift; path = CategoryItemView.swift; sourceTree = "<group>"; };
		5C1B6D6028DF615200CEBFA7 /* CategoryGridView.swift */ = {isa = PBXFileReference; lastKnownFileType = sourcecode.swift; path = CategoryGridView.swift; sourceTree = "<group>"; };
		5C1B6D6228DF639D00CEBFA7 /* SectionView.swift */ = {isa = PBXFileReference; lastKnownFileType = sourcecode.swift; path = SectionView.swift; sourceTree = "<group>"; };
		5C1B6D6428DFF9A400CEBFA7 /* TitleView.swift */ = {isa = PBXFileReference; lastKnownFileType = sourcecode.swift; path = TitleView.swift; sourceTree = "<group>"; };
		5C1B6D6628DFFAA900CEBFA7 /* ProductModel.swift */ = {isa = PBXFileReference; lastKnownFileType = sourcecode.swift; path = ProductModel.swift; sourceTree = "<group>"; };
		5C357A2828DD5002008C312C /* Touchdown.app */ = {isa = PBXFileReference; explicitFileType = wrapper.application; includeInIndex = 0; path = Touchdown.app; sourceTree = BUILT_PRODUCTS_DIR; };
		5C357A2B28DD5002008C312C /* TouchdownApp.swift */ = {isa = PBXFileReference; lastKnownFileType = sourcecode.swift; path = TouchdownApp.swift; sourceTree = "<group>"; };
		5C357A2D28DD5002008C312C /* ContentView.swift */ = {isa = PBXFileReference; lastKnownFileType = sourcecode.swift; path = ContentView.swift; sourceTree = "<group>"; };
		5C357A2F28DD5007008C312C /* Assets.xcassets */ = {isa = PBXFileReference; lastKnownFileType = folder.assetcatalog; path = Assets.xcassets; sourceTree = "<group>"; };
		5C357A3228DD5007008C312C /* Preview Assets.xcassets */ = {isa = PBXFileReference; lastKnownFileType = folder.assetcatalog; path = "Preview Assets.xcassets"; sourceTree = "<group>"; };
		5C4C79D828DDA57800AFC6DF /* category.json */ = {isa = PBXFileReference; fileEncoding = 4; lastKnownFileType = text.json; path = category.json; sourceTree = "<group>"; };
		5C4C79D928DDA57800AFC6DF /* brand.json */ = {isa = PBXFileReference; fileEncoding = 4; lastKnownFileType = text.json; path = brand.json; sourceTree = "<group>"; };
		5C4C79DA28DDA57800AFC6DF /* player.json */ = {isa = PBXFileReference; fileEncoding = 4; lastKnownFileType = text.json; path = player.json; sourceTree = "<group>"; };
		5C4C79DB28DDA57800AFC6DF /* product.json */ = {isa = PBXFileReference; fileEncoding = 4; lastKnownFileType = text.json; path = product.json; sourceTree = "<group>"; };
		5C4C79E128DDA5F300AFC6DF /* Info.plist */ = {isa = PBXFileReference; lastKnownFileType = text.plist; path = Info.plist; sourceTree = "<group>"; };
		5C7CF29B28DDF7A5002C2EB6 /* Constant.swift */ = {isa = PBXFileReference; lastKnownFileType = sourcecode.swift; path = Constant.swift; sourceTree = "<group>"; };
		5C7CF29D28DDF8BF002C2EB6 /* FooterView.swift */ = {isa = PBXFileReference; lastKnownFileType = sourcecode.swift; path = FooterView.swift; sourceTree = "<group>"; };
		5CF1859F28DE10A8008DCE9D /* NavigationBarView.swift */ = {isa = PBXFileReference; lastKnownFileType = sourcecode.swift; path = NavigationBarView.swift; sourceTree = "<group>"; };
/* End PBXFileReference section */

/* Begin PBXFrameworksBuildPhase section */
		5C357A2528DD5002008C312C /* Frameworks */ = {
			isa = PBXFrameworksBuildPhase;
			buildActionMask = 2147483647;
			files = (
			);
			runOnlyForDeploymentPostprocessing = 0;
		};
/* End PBXFrameworksBuildPhase section */

/* Begin PBXGroup section */
		5C357A1F28DD5002008C312C = {
			isa = PBXGroup;
			children = (
				5C357A2A28DD5002008C312C /* Touchdown */,
				5C357A2928DD5002008C312C /* Products */,
			);
			sourceTree = "<group>";
		};
		5C357A2928DD5002008C312C /* Products */ = {
			isa = PBXGroup;
			children = (
				5C357A2828DD5002008C312C /* Touchdown.app */,
			);
			name = Products;
			sourceTree = "<group>";
		};
		5C357A2A28DD5002008C312C /* Touchdown */ = {
			isa = PBXGroup;
			children = (
				5C7CF29A28DDF781002C2EB6 /* Utility */,
				5C7CF29928DDF76F002C2EB6 /* Extension */,
				5C7CF29828DDF765002C2EB6 /* Model */,
				5C7CF29528DDF74B002C2EB6 /* View */,
				5C4C79E128DDA5F300AFC6DF /* Info.plist */,
				5C4C79E028DDA59600AFC6DF /* Data */,
				5C7CF29128DDF711002C2EB6 /* App */,
				5C357A2F28DD5007008C312C /* Assets.xcassets */,
				5C357A3128DD5007008C312C /* Preview Content */,
			);
			path = Touchdown;
			sourceTree = "<group>";
		};
		5C357A3128DD5007008C312C /* Preview Content */ = {
			isa = PBXGroup;
			children = (
				5C357A3228DD5007008C312C /* Preview Assets.xcassets */,
			);
			path = "Preview Content";
			sourceTree = "<group>";
		};
		5C4C79E028DDA59600AFC6DF /* Data */ = {
			isa = PBXGroup;
			children = (
				5C4C79D928DDA57800AFC6DF /* brand.json */,
				5C4C79D828DDA57800AFC6DF /* category.json */,
				5C4C79DA28DDA57800AFC6DF /* player.json */,
				5C4C79DB28DDA57800AFC6DF /* product.json */,
			);
			path = Data;
			sourceTree = "<group>";
		};
		5C7CF29128DDF711002C2EB6 /* App */ = {
			isa = PBXGroup;
			children = (
				5C357A2B28DD5002008C312C /* TouchdownApp.swift */,
				5C357A2D28DD5002008C312C /* ContentView.swift */,
			);
			path = App;
			sourceTree = "<group>";
		};
		5C7CF29528DDF74B002C2EB6 /* View */ = {
			isa = PBXGroup;
			children = (
				5C7CF29728DDF758002C2EB6 /* Detail */,
				5C7CF29628DDF751002C2EB6 /* Home */,
			);
			path = View;
			sourceTree = "<group>";
		};
		5C7CF29628DDF751002C2EB6 /* Home */ = {
			isa = PBXGroup;
			children = (
				5C7CF29D28DDF8BF002C2EB6 /* FooterView.swift */,
				5CF1859F28DE10A8008DCE9D /* NavigationBarView.swift */,
				5C1B6D5128DEB28400CEBFA7 /* LogoView.swift */,
				5C1B6D5728DF35C100CEBFA7 /* FeaturedItemView.swift */,
				5C1B6D5928DF368000CEBFA7 /* FeaturedTabView.swift */,
				5C1B6D5E28DF5B5800CEBFA7 /* CategoryItemView.swift */,
				5C1B6D6028DF615200CEBFA7 /* CategoryGridView.swift */,
				5C1B6D6228DF639D00CEBFA7 /* SectionView.swift */,
				5C1B6D6428DFF9A400CEBFA7 /* TitleView.swift */,
				5C05DE6228E076CE0052074F /* ProductItemView.swift */,
			);
			path = Home;
			sourceTree = "<group>";
		};
		5C7CF29728DDF758002C2EB6 /* Detail */ = {
			isa = PBXGroup;
			children = (
			);
			path = Detail;
			sourceTree = "<group>";
		};
		5C7CF29828DDF765002C2EB6 /* Model */ = {
			isa = PBXGroup;
			children = (
				5C1B6D5328DF2F5400CEBFA7 /* PlayerModel.swift */,
				5C1B6D5B28DF4C4300CEBFA7 /* CategoryModel.swift */,
				5C1B6D6628DFFAA900CEBFA7 /* ProductModel.swift */,
			);
			path = Model;
			sourceTree = "<group>";
		};
		5C7CF29928DDF76F002C2EB6 /* Extension */ = {
			isa = PBXGroup;
			children = (
				5C1B6D5528DF2F9500CEBFA7 /* CodableBundleExtension.swift */,
			);
			path = Extension;
			sourceTree = "<group>";
		};
		5C7CF29A28DDF781002C2EB6 /* Utility */ = {
			isa = PBXGroup;
			children = (
				5C7CF29B28DDF7A5002C2EB6 /* Constant.swift */,
			);
			path = Utility;
			sourceTree = "<group>";
		};
/* End PBXGroup section */

/* Begin PBXNativeTarget section */
		5C357A2728DD5002008C312C /* Touchdown */ = {
			isa = PBXNativeTarget;
			buildConfigurationList = 5C357A3628DD5007008C312C /* Build configuration list for PBXNativeTarget "Touchdown" */;
			buildPhases = (
				5C357A2428DD5002008C312C /* Sources */,
				5C357A2528DD5002008C312C /* Frameworks */,
				5C357A2628DD5002008C312C /* Resources */,
			);
			buildRules = (
			);
			dependencies = (
			);
			name = Touchdown;
			productName = Touchdown;
			productReference = 5C357A2828DD5002008C312C /* Touchdown.app */;
			productType = "com.apple.product-type.application";
		};
/* End PBXNativeTarget section */

/* Begin PBXProject section */
		5C357A2028DD5002008C312C /* Project object */ = {
			isa = PBXProject;
			attributes = {
				BuildIndependentTargetsInParallel = 1;
				LastSwiftUpdateCheck = 1340;
				LastUpgradeCheck = 1340;
				TargetAttributes = {
					5C357A2728DD5002008C312C = {
						CreatedOnToolsVersion = 13.4.1;
					};
				};
			};
			buildConfigurationList = 5C357A2328DD5002008C312C /* Build configuration list for PBXProject "Touchdown" */;
			compatibilityVersion = "Xcode 13.0";
			developmentRegion = en;
			hasScannedForEncodings = 0;
			knownRegions = (
				en,
				Base,
			);
			mainGroup = 5C357A1F28DD5002008C312C;
			productRefGroup = 5C357A2928DD5002008C312C /* Products */;
			projectDirPath = "";
			projectRoot = "";
			targets = (
				5C357A2728DD5002008C312C /* Touchdown */,
			);
		};
/* End PBXProject section */

/* Begin PBXResourcesBuildPhase section */
		5C357A2628DD5002008C312C /* Resources */ = {
			isa = PBXResourcesBuildPhase;
			buildActionMask = 2147483647;
			files = (
				5C4C79DE28DDA57800AFC6DF /* player.json in Resources */,
				5C4C79DC28DDA57800AFC6DF /* category.json in Resources */,
				5C4C79DD28DDA57800AFC6DF /* brand.json in Resources */,
				5C357A3328DD5007008C312C /* Preview Assets.xcassets in Resources */,
				5C357A3028DD5007008C312C /* Assets.xcassets in Resources */,
				5C4C79DF28DDA57800AFC6DF /* product.json in Resources */,
			);
			runOnlyForDeploymentPostprocessing = 0;
		};
/* End PBXResourcesBuildPhase section */

/* Begin PBXSourcesBuildPhase section */
		5C357A2428DD5002008C312C /* Sources */ = {
			isa = PBXSourcesBuildPhase;
			buildActionMask = 2147483647;
			files = (
				5C1B6D5628DF2F9500CEBFA7 /* CodableBundleExtension.swift in Sources */,
				5C357A2E28DD5002008C312C /* ContentView.swift in Sources */,
				5C1B6D5228DEB28400CEBFA7 /* LogoView.swift in Sources */,
				5C7CF29E28DDF8BF002C2EB6 /* FooterView.swift in Sources */,
				5C1B6D5828DF35C100CEBFA7 /* FeaturedItemView.swift in Sources */,
				5C05DE6328E076CE0052074F /* ProductItemView.swift in Sources */,
				5C357A2C28DD5002008C312C /* TouchdownApp.swift in Sources */,
				5C7CF29C28DDF7A5002C2EB6 /* Constant.swift in Sources */,
				5C1B6D6128DF615200CEBFA7 /* CategoryGridView.swift in Sources */,
				5C1B6D5C28DF4C4300CEBFA7 /* CategoryModel.swift in Sources */,
				5CF185A028DE10A8008DCE9D /* NavigationBarView.swift in Sources */,
				5C1B6D6328DF639D00CEBFA7 /* SectionView.swift in Sources */,
				5C1B6D5A28DF368000CEBFA7 /* FeaturedTabView.swift in Sources */,
				5C1B6D5F28DF5B5800CEBFA7 /* CategoryItemView.swift in Sources */,
				5C1B6D5428DF2F5500CEBFA7 /* PlayerModel.swift in Sources */,
				5C1B6D6528DFF9A400CEBFA7 /* TitleView.swift in Sources */,
				5C1B6D6728DFFAA900CEBFA7 /* ProductModel.swift in Sources */,
			);
			runOnlyForDeploymentPostprocessing = 0;
		};
/* End PBXSourcesBuildPhase section */

/* Begin XCBuildConfiguration section */
		5C357A3428DD5007008C312C /* Debug */ = {
			isa = XCBuildConfiguration;
			buildSettings = {
				ALWAYS_SEARCH_USER_PATHS = NO;
				CLANG_ANALYZER_NONNULL = YES;
				CLANG_ANALYZER_NUMBER_OBJECT_CONVERSION = YES_AGGRESSIVE;
				CLANG_CXX_LANGUAGE_STANDARD = "gnu++17";
				CLANG_ENABLE_MODULES = YES;
				CLANG_ENABLE_OBJC_ARC = YES;
				CLANG_ENABLE_OBJC_WEAK = YES;
				CLANG_WARN_BLOCK_CAPTURE_AUTORELEASING = YES;
				CLANG_WARN_BOOL_CONVERSION = YES;
				CLANG_WARN_COMMA = YES;
				CLANG_WARN_CONSTANT_CONVERSION = YES;
				CLANG_WARN_DEPRECATED_OBJC_IMPLEMENTATIONS = YES;
				CLANG_WARN_DIRECT_OBJC_ISA_USAGE = YES_ERROR;
				CLANG_WARN_DOCUMENTATION_COMMENTS = YES;
				CLANG_WARN_EMPTY_BODY = YES;
				CLANG_WARN_ENUM_CONVERSION = YES;
				CLANG_WARN_INFINITE_RECURSION = YES;
				CLANG_WARN_INT_CONVERSION = YES;
				CLANG_WARN_NON_LITERAL_NULL_CONVERSION = YES;
				CLANG_WARN_OBJC_IMPLICIT_RETAIN_SELF = YES;
				CLANG_WARN_OBJC_LITERAL_CONVERSION = YES;
				CLANG_WARN_OBJC_ROOT_CLASS = YES_ERROR;
				CLANG_WARN_QUOTED_INCLUDE_IN_FRAMEWORK_HEADER = YES;
				CLANG_WARN_RANGE_LOOP_ANALYSIS = YES;
				CLANG_WARN_STRICT_PROTOTYPES = YES;
				CLANG_WARN_SUSPICIOUS_MOVE = YES;
				CLANG_WARN_UNGUARDED_AVAILABILITY = YES_AGGRESSIVE;
				CLANG_WARN_UNREACHABLE_CODE = YES;
				CLANG_WARN__DUPLICATE_METHOD_MATCH = YES;
				COPY_PHASE_STRIP = NO;
				DEBUG_INFORMATION_FORMAT = dwarf;
				ENABLE_STRICT_OBJC_MSGSEND = YES;
				ENABLE_TESTABILITY = YES;
				GCC_C_LANGUAGE_STANDARD = gnu11;
				GCC_DYNAMIC_NO_PIC = NO;
				GCC_NO_COMMON_BLOCKS = YES;
				GCC_OPTIMIZATION_LEVEL = 0;
				GCC_PREPROCESSOR_DEFINITIONS = (
					"DEBUG=1",
					"$(inherited)",
				);
				GCC_WARN_64_TO_32_BIT_CONVERSION = YES;
				GCC_WARN_ABOUT_RETURN_TYPE = YES_ERROR;
				GCC_WARN_UNDECLARED_SELECTOR = YES;
				GCC_WARN_UNINITIALIZED_AUTOS = YES_AGGRESSIVE;
				GCC_WARN_UNUSED_FUNCTION = YES;
				GCC_WARN_UNUSED_VARIABLE = YES;
				IPHONEOS_DEPLOYMENT_TARGET = 15.5;
				MTL_ENABLE_DEBUG_INFO = INCLUDE_SOURCE;
				MTL_FAST_MATH = YES;
				ONLY_ACTIVE_ARCH = YES;
				SDKROOT = iphoneos;
				SWIFT_ACTIVE_COMPILATION_CONDITIONS = DEBUG;
				SWIFT_OPTIMIZATION_LEVEL = "-Onone";
			};
			name = Debug;
		};
		5C357A3528DD5007008C312C /* Release */ = {
			isa = XCBuildConfiguration;
			buildSettings = {
				ALWAYS_SEARCH_USER_PATHS = NO;
				CLANG_ANALYZER_NONNULL = YES;
				CLANG_ANALYZER_NUMBER_OBJECT_CONVERSION = YES_AGGRESSIVE;
				CLANG_CXX_LANGUAGE_STANDARD = "gnu++17";
				CLANG_ENABLE_MODULES = YES;
				CLANG_ENABLE_OBJC_ARC = YES;
				CLANG_ENABLE_OBJC_WEAK = YES;
				CLANG_WARN_BLOCK_CAPTURE_AUTORELEASING = YES;
				CLANG_WARN_BOOL_CONVERSION = YES;
				CLANG_WARN_COMMA = YES;
				CLANG_WARN_CONSTANT_CONVERSION = YES;
				CLANG_WARN_DEPRECATED_OBJC_IMPLEMENTATIONS = YES;
				CLANG_WARN_DIRECT_OBJC_ISA_USAGE = YES_ERROR;
				CLANG_WARN_DOCUMENTATION_COMMENTS = YES;
				CLANG_WARN_EMPTY_BODY = YES;
				CLANG_WARN_ENUM_CONVERSION = YES;
				CLANG_WARN_INFINITE_RECURSION = YES;
				CLANG_WARN_INT_CONVERSION = YES;
				CLANG_WARN_NON_LITERAL_NULL_CONVERSION = YES;
				CLANG_WARN_OBJC_IMPLICIT_RETAIN_SELF = YES;
				CLANG_WARN_OBJC_LITERAL_CONVERSION = YES;
				CLANG_WARN_OBJC_ROOT_CLASS = YES_ERROR;
				CLANG_WARN_QUOTED_INCLUDE_IN_FRAMEWORK_HEADER = YES;
				CLANG_WARN_RANGE_LOOP_ANALYSIS = YES;
				CLANG_WARN_STRICT_PROTOTYPES = YES;
				CLANG_WARN_SUSPICIOUS_MOVE = YES;
				CLANG_WARN_UNGUARDED_AVAILABILITY = YES_AGGRESSIVE;
				CLANG_WARN_UNREACHABLE_CODE = YES;
				CLANG_WARN__DUPLICATE_METHOD_MATCH = YES;
				COPY_PHASE_STRIP = NO;
				DEBUG_INFORMATION_FORMAT = "dwarf-with-dsym";
				ENABLE_NS_ASSERTIONS = NO;
				ENABLE_STRICT_OBJC_MSGSEND = YES;
				GCC_C_LANGUAGE_STANDARD = gnu11;
				GCC_NO_COMMON_BLOCKS = YES;
				GCC_WARN_64_TO_32_BIT_CONVERSION = YES;
				GCC_WARN_ABOUT_RETURN_TYPE = YES_ERROR;
				GCC_WARN_UNDECLARED_SELECTOR = YES;
				GCC_WARN_UNINITIALIZED_AUTOS = YES_AGGRESSIVE;
				GCC_WARN_UNUSED_FUNCTION = YES;
				GCC_WARN_UNUSED_VARIABLE = YES;
				IPHONEOS_DEPLOYMENT_TARGET = 15.5;
				MTL_ENABLE_DEBUG_INFO = NO;
				MTL_FAST_MATH = YES;
				SDKROOT = iphoneos;
				SWIFT_COMPILATION_MODE = wholemodule;
				SWIFT_OPTIMIZATION_LEVEL = "-O";
				VALIDATE_PRODUCT = YES;
			};
			name = Release;
		};
		5C357A3728DD5007008C312C /* Debug */ = {
			isa = XCBuildConfiguration;
			buildSettings = {
				ASSETCATALOG_COMPILER_APPICON_NAME = AppIcon;
				ASSETCATALOG_COMPILER_GLOBAL_ACCENT_COLOR_NAME = AccentColor;
				CODE_SIGN_STYLE = Automatic;
				CURRENT_PROJECT_VERSION = 1;
				DEVELOPMENT_ASSET_PATHS = "\"Touchdown/Preview Content\"";
				DEVELOPMENT_TEAM = 4PMHC35WAT;
				ENABLE_PREVIEWS = YES;
				GENERATE_INFOPLIST_FILE = YES;
				INFOPLIST_FILE = Touchdown/Info.plist;
				INFOPLIST_KEY_UIApplicationSceneManifest_Generation = YES;
				INFOPLIST_KEY_UIApplicationSupportsIndirectInputEvents = YES;
				INFOPLIST_KEY_UISupportedInterfaceOrientations = UIInterfaceOrientationPortrait;
				INFOPLIST_KEY_UISupportedInterfaceOrientations_iPad = "UIInterfaceOrientationPortrait UIInterfaceOrientationPortraitUpsideDown UIInterfaceOrientationLandscapeLeft UIInterfaceOrientationLandscapeRight";
				INFOPLIST_KEY_UISupportedInterfaceOrientations_iPhone = "UIInterfaceOrientationPortrait UIInterfaceOrientationLandscapeLeft UIInterfaceOrientationLandscapeRight";
				INFOPLIST_KEY_UIUserInterfaceStyle = Light;
				LD_RUNPATH_SEARCH_PATHS = (
					"$(inherited)",
					"@executable_path/Frameworks",
				);
				MARKETING_VERSION = 1.0;
				PRODUCT_BUNDLE_IDENTIFIER = app1.Touchdown;
				PRODUCT_NAME = "$(TARGET_NAME)";
				SWIFT_EMIT_LOC_STRINGS = YES;
				SWIFT_VERSION = 5.0;
				TARGETED_DEVICE_FAMILY = "1,2";
			};
			name = Debug;
		};
		5C357A3828DD5007008C312C /* Release */ = {
			isa = XCBuildConfiguration;
			buildSettings = {
				ASSETCATALOG_COMPILER_APPICON_NAME = AppIcon;
				ASSETCATALOG_COMPILER_GLOBAL_ACCENT_COLOR_NAME = AccentColor;
				CODE_SIGN_STYLE = Automatic;
				CURRENT_PROJECT_VERSION = 1;
				DEVELOPMENT_ASSET_PATHS = "\"Touchdown/Preview Content\"";
				DEVELOPMENT_TEAM = 4PMHC35WAT;
				ENABLE_PREVIEWS = YES;
				GENERATE_INFOPLIST_FILE = YES;
				INFOPLIST_FILE = Touchdown/Info.plist;
				INFOPLIST_KEY_UIApplicationSceneManifest_Generation = YES;
				INFOPLIST_KEY_UIApplicationSupportsIndirectInputEvents = YES;
				INFOPLIST_KEY_UISupportedInterfaceOrientations = UIInterfaceOrientationPortrait;
				INFOPLIST_KEY_UISupportedInterfaceOrientations_iPad = "UIInterfaceOrientationPortrait UIInterfaceOrientationPortraitUpsideDown UIInterfaceOrientationLandscapeLeft UIInterfaceOrientationLandscapeRight";
				INFOPLIST_KEY_UISupportedInterfaceOrientations_iPhone = "UIInterfaceOrientationPortrait UIInterfaceOrientationLandscapeLeft UIInterfaceOrientationLandscapeRight";
				INFOPLIST_KEY_UIUserInterfaceStyle = Light;
				LD_RUNPATH_SEARCH_PATHS = (
					"$(inherited)",
					"@executable_path/Frameworks",
				);
				MARKETING_VERSION = 1.0;
				PRODUCT_BUNDLE_IDENTIFIER = app1.Touchdown;
				PRODUCT_NAME = "$(TARGET_NAME)";
				SWIFT_EMIT_LOC_STRINGS = YES;
				SWIFT_VERSION = 5.0;
				TARGETED_DEVICE_FAMILY = "1,2";
			};
			name = Release;
		};
/* End XCBuildConfiguration section */

/* Begin XCConfigurationList section */
		5C357A2328DD5002008C312C /* Build configuration list for PBXProject "Touchdown" */ = {
			isa = XCConfigurationList;
			buildConfigurations = (
				5C357A3428DD5007008C312C /* Debug */,
				5C357A3528DD5007008C312C /* Release */,
			);
			defaultConfigurationIsVisible = 0;
			defaultConfigurationName = Release;
		};
		5C357A3628DD5007008C312C /* Build configuration list for PBXNativeTarget "Touchdown" */ = {
			isa = XCConfigurationList;
			buildConfigurations = (
				5C357A3728DD5007008C312C /* Debug */,
				5C357A3828DD5007008C312C /* Release */,
			);
			defaultConfigurationIsVisible = 0;
			defaultConfigurationName = Release;
		};
/* End XCConfigurationList section */
	};
	rootObject = 5C357A2028DD5002008C312C /* Project object */;
}
